// !$*UTF8*$!
{
	archiveVersion = 1;
	classes = {
	};
	objectVersion = 55;
	objects = {

/* Begin PBXBuildFile section */
		D268F4892684CAF2007D86BB /* MainApp in Frameworks */ = {isa = PBXBuildFile; productRef = D268F4882684CAF2007D86BB /* MainApp */; };
		D2BB1B692684C51F0025C6D3 /* ModulesApp.swift in Sources */ = {isa = PBXBuildFile; fileRef = D2BB1B5B2684C51E0025C6D3 /* ModulesApp.swift */; };
		D2BB1B6A2684C51F0025C6D3 /* ModulesApp.swift in Sources */ = {isa = PBXBuildFile; fileRef = D2BB1B5B2684C51E0025C6D3 /* ModulesApp.swift */; };
		D2BB1B6B2684C51F0025C6D3 /* ContentView.swift in Sources */ = {isa = PBXBuildFile; fileRef = D2BB1B5C2684C51E0025C6D3 /* ContentView.swift */; };
		D2BB1B6C2684C51F0025C6D3 /* ContentView.swift in Sources */ = {isa = PBXBuildFile; fileRef = D2BB1B5C2684C51E0025C6D3 /* ContentView.swift */; };
		D2BB1B6D2684C51F0025C6D3 /* Assets.xcassets in Resources */ = {isa = PBXBuildFile; fileRef = D2BB1B5D2684C51F0025C6D3 /* Assets.xcassets */; };
		D2BB1B6E2684C51F0025C6D3 /* Assets.xcassets in Resources */ = {isa = PBXBuildFile; fileRef = D2BB1B5D2684C51F0025C6D3 /* Assets.xcassets */; };
/* End PBXBuildFile section */

/* Begin PBXFileReference section */
		D268F4842684C622007D86BB /* MainApp */ = {isa = PBXFileReference; lastKnownFileType = folder; name = MainApp; path = ../MainApp; sourceTree = "<group>"; };
		D2BB1B5B2684C51E0025C6D3 /* ModulesApp.swift */ = {isa = PBXFileReference; lastKnownFileType = sourcecode.swift; path = ModulesApp.swift; sourceTree = "<group>"; };
		D2BB1B5C2684C51E0025C6D3 /* ContentView.swift */ = {isa = PBXFileReference; lastKnownFileType = sourcecode.swift; path = ContentView.swift; sourceTree = "<group>"; };
		D2BB1B5D2684C51F0025C6D3 /* Assets.xcassets */ = {isa = PBXFileReference; lastKnownFileType = folder.assetcatalog; path = Assets.xcassets; sourceTree = "<group>"; };
		D2BB1B622684C51F0025C6D3 /* Modules.app */ = {isa = PBXFileReference; explicitFileType = wrapper.application; includeInIndex = 0; path = Modules.app; sourceTree = BUILT_PRODUCTS_DIR; };
		D2BB1B682684C51F0025C6D3 /* Modules.app */ = {isa = PBXFileReference; explicitFileType = wrapper.application; includeInIndex = 0; path = Modules.app; sourceTree = BUILT_PRODUCTS_DIR; };
/* End PBXFileReference section */

/* Begin PBXFrameworksBuildPhase section */
		D2BB1B5F2684C51F0025C6D3 /* Frameworks */ = {
			isa = PBXFrameworksBuildPhase;
			buildActionMask = 2147483647;
			files = (
			);
			runOnlyForDeploymentPostprocessing = 0;
		};
		D2BB1B652684C51F0025C6D3 /* Frameworks */ = {
			isa = PBXFrameworksBuildPhase;
			buildActionMask = 2147483647;
			files = (
				D268F4892684CAF2007D86BB /* MainApp in Frameworks */,
			);
			runOnlyForDeploymentPostprocessing = 0;
		};
/* End PBXFrameworksBuildPhase section */

/* Begin PBXGroup section */
		D268F4872684CAF2007D86BB /* Frameworks */ = {
			isa = PBXGroup;
			children = (
			);
			name = Frameworks;
			sourceTree = "<group>";
		};
		D2BB1B552684C51E0025C6D3 = {
			isa = PBXGroup;
			children = (
				D268F4842684C622007D86BB /* MainApp */,
				D2BB1B5A2684C51E0025C6D3 /* Shared */,
				D2BB1B632684C51F0025C6D3 /* Products */,
				D268F4872684CAF2007D86BB /* Frameworks */,
			);
			sourceTree = "<group>";
		};
		D2BB1B5A2684C51E0025C6D3 /* Shared */ = {
			isa = PBXGroup;
			children = (
				D2BB1B5B2684C51E0025C6D3 /* ModulesApp.swift */,
				D2BB1B5C2684C51E0025C6D3 /* ContentView.swift */,
				D2BB1B5D2684C51F0025C6D3 /* Assets.xcassets */,
			);
			path = Shared;
			sourceTree = "<group>";
		};
		D2BB1B632684C51F0025C6D3 /* Products */ = {
			isa = PBXGroup;
			children = (
				D2BB1B622684C51F0025C6D3 /* Modules.app */,
				D2BB1B682684C51F0025C6D3 /* Modules.app */,
			);
			name = Products;
			sourceTree = "<group>";
		};
/* End PBXGroup section */

/* Begin PBXNativeTarget section */
		D2BB1B612684C51F0025C6D3 /* Modules (iOS) */ = {
			isa = PBXNativeTarget;
			buildConfigurationList = D2BB1B712684C51F0025C6D3 /* Build configuration list for PBXNativeTarget "Modules (iOS)" */;
			buildPhases = (
				D2BB1B5E2684C51F0025C6D3 /* Sources */,
				D2BB1B5F2684C51F0025C6D3 /* Frameworks */,
				D2BB1B602684C51F0025C6D3 /* Resources */,
			);
			buildRules = (
			);
			dependencies = (
				D268F4862684C63C007D86BB /* PBXTargetDependency */,
			);
			name = "Modules (iOS)";
			productName = "Modules (iOS)";
			productReference = D2BB1B622684C51F0025C6D3 /* Modules.app */;
			productType = "com.apple.product-type.application";
		};
		D2BB1B672684C51F0025C6D3 /* Modules (macOS) */ = {
			isa = PBXNativeTarget;
			buildConfigurationList = D2BB1B742684C51F0025C6D3 /* Build configuration list for PBXNativeTarget "Modules (macOS)" */;
			buildPhases = (
				D2BB1B642684C51F0025C6D3 /* Sources */,
				D2BB1B652684C51F0025C6D3 /* Frameworks */,
				D2BB1B662684C51F0025C6D3 /* Resources */,
			);
			buildRules = (
			);
			dependencies = (
			);
			name = "Modules (macOS)";
			packageProductDependencies = (
				D268F4882684CAF2007D86BB /* MainApp */,
			);
			productName = "Modules (macOS)";
			productReference = D2BB1B682684C51F0025C6D3 /* Modules.app */;
			productType = "com.apple.product-type.application";
		};
/* End PBXNativeTarget section */

/* Begin PBXProject section */
		D2BB1B562684C51E0025C6D3 /* Project object */ = {
			isa = PBXProject;
			attributes = {
				BuildIndependentTargetsInParallel = 1;
				LastSwiftUpdateCheck = 1300;
				LastUpgradeCheck = 1300;
				TargetAttributes = {
					D2BB1B612684C51F0025C6D3 = {
						CreatedOnToolsVersion = 13.0;
					};
					D2BB1B672684C51F0025C6D3 = {
						CreatedOnToolsVersion = 13.0;
					};
				};
			};
			buildConfigurationList = D2BB1B592684C51E0025C6D3 /* Build configuration list for PBXProject "Modules" */;
			compatibilityVersion = "Xcode 13.0";
			developmentRegion = en;
			hasScannedForEncodings = 0;
			knownRegions = (
				en,
				Base,
			);
			mainGroup = D2BB1B552684C51E0025C6D3;
			productRefGroup = D2BB1B632684C51F0025C6D3 /* Products */;
			projectDirPath = "";
			projectRoot = "";
			targets = (
				D2BB1B612684C51F0025C6D3 /* Modules (iOS) */,
				D2BB1B672684C51F0025C6D3 /* Modules (macOS) */,
			);
		};
/* End PBXProject section */

/* Begin PBXResourcesBuildPhase section */
		D2BB1B602684C51F0025C6D3 /* Resources */ = {
			isa = PBXResourcesBuildPhase;
			buildActionMask = 2147483647;
			files = (
				D2BB1B6D2684C51F0025C6D3 /* Assets.xcassets in Resources */,
			);
			runOnlyForDeploymentPostprocessing = 0;
		};
		D2BB1B662684C51F0025C6D3 /* Resources */ = {
			isa = PBXResourcesBuildPhase;
			buildActionMask = 2147483647;
			files = (
				D2BB1B6E2684C51F0025C6D3 /* Assets.xcassets in Resources */,
			);
			runOnlyForDeploymentPostprocessing = 0;
		};
/* End PBXResourcesBuildPhase section */

/* Begin PBXSourcesBuildPhase section */
		D2BB1B5E2684C51F0025C6D3 /* Sources */ = {
			isa = PBXSourcesBuildPhase;
			buildActionMask = 2147483647;
			files = (
				D2BB1B6B2684C51F0025C6D3 /* ContentView.swift in Sources */,
				D2BB1B692684C51F0025C6D3 /* ModulesApp.swift in Sources */,
			);
			runOnlyForDeploymentPostprocessing = 0;
		};
		D2BB1B642684C51F0025C6D3 /* Sources */ = {
			isa = PBXSourcesBuildPhase;
			buildActionMask = 2147483647;
			files = (
				D2BB1B6C2684C51F0025C6D3 /* ContentView.swift in Sources */,
				D2BB1B6A2684C51F0025C6D3 /* ModulesApp.swift in Sources */,
			);
			runOnlyForDeploymentPostprocessing = 0;
		};
/* End PBXSourcesBuildPhase section */

/* Begin PBXTargetDependency section */
		D268F4862684C63C007D86BB /* PBXTargetDependency */ = {
			isa = PBXTargetDependency;
			productRef = D268F4852684C63C007D86BB /* MainApp */;
		};
/* End PBXTargetDependency section */

/* Begin XCBuildConfiguration section */
		D2BB1B6F2684C51F0025C6D3 /* Debug */ = {
			isa = XCBuildConfiguration;
			buildSettings = {
				ALWAYS_SEARCH_USER_PATHS = NO;
				CLANG_ANALYZER_NONNULL = YES;
				CLANG_ANALYZER_NUMBER_OBJECT_CONVERSION = YES_AGGRESSIVE;
				CLANG_CXX_LANGUAGE_STANDARD = "gnu++14";
				CLANG_CXX_LIBRARY = "libc++";
				CLANG_ENABLE_MODULES = YES;
				CLANG_ENABLE_OBJC_ARC = YES;
				CLANG_ENABLE_OBJC_WEAK = YES;
				CLANG_WARN_BLOCK_CAPTURE_AUTORELEASING = YES;
				CLANG_WARN_BOOL_CONVERSION = YES;
				CLANG_WARN_COMMA = YES;
				CLANG_WARN_CONSTANT_CONVERSION = YES;
				CLANG_WARN_DEPRECATED_OBJC_IMPLEMENTATIONS = YES;
				CLANG_WARN_DIRECT_OBJC_ISA_USAGE = YES_ERROR;
				CLANG_WARN_DOCUMENTATION_COMMENTS = YES;
				CLANG_WARN_EMPTY_BODY = YES;
				CLANG_WARN_ENUM_CONVERSION = YES;
				CLANG_WARN_INFINITE_RECURSION = YES;
				CLANG_WARN_INT_CONVERSION = YES;
				CLANG_WARN_NON_LITERAL_NULL_CONVERSION = YES;
				CLANG_WARN_OBJC_IMPLICIT_RETAIN_SELF = YES;
				CLANG_WARN_OBJC_LITERAL_CONVERSION = YES;
				CLANG_WARN_OBJC_ROOT_CLASS = YES_ERROR;
				CLANG_WARN_QUOTED_INCLUDE_IN_FRAMEWORK_HEADER = YES;
				CLANG_WARN_RANGE_LOOP_ANALYSIS = YES;
				CLANG_WARN_STRICT_PROTOTYPES = YES;
				CLANG_WARN_SUSPICIOUS_MOVE = YES;
				CLANG_WARN_UNGUARDED_AVAILABILITY = YES_AGGRESSIVE;
				CLANG_WARN_UNREACHABLE_CODE = YES;
				CLANG_WARN__DUPLICATE_METHOD_MATCH = YES;
				COPY_PHASE_STRIP = NO;
				DEBUG_INFORMATION_FORMAT = dwarf;
				ENABLE_STRICT_OBJC_MSGSEND = YES;
				ENABLE_TESTABILITY = YES;
				GCC_C_LANGUAGE_STANDARD = gnu11;
				GCC_DYNAMIC_NO_PIC = NO;
				GCC_NO_COMMON_BLOCKS = YES;
				GCC_OPTIMIZATION_LEVEL = 0;
				GCC_PREPROCESSOR_DEFINITIONS = (
					"DEBUG=1",
					"$(inherited)",
				);
				GCC_WARN_64_TO_32_BIT_CONVERSION = YES;
				GCC_WARN_ABOUT_RETURN_TYPE = YES_ERROR;
				GCC_WARN_UNDECLARED_SELECTOR = YES;
				GCC_WARN_UNINITIALIZED_AUTOS = YES_AGGRESSIVE;
				GCC_WARN_UNUSED_FUNCTION = YES;
				GCC_WARN_UNUSED_VARIABLE = YES;
				MTL_ENABLE_DEBUG_INFO = INCLUDE_SOURCE;
				MTL_FAST_MATH = YES;
				ONLY_ACTIVE_ARCH = YES;
				OTHER_LDFLAGS = "$(inherited)";
				SWIFT_ACTIVE_COMPILATION_CONDITIONS = DEBUG;
				SWIFT_OPTIMIZATION_LEVEL = "-Onone";
			};
			name = Debug;
		};
		D2BB1B702684C51F0025C6D3 /* Release */ = {
			isa = XCBuildConfiguration;
			buildSettings = {
				ALWAYS_SEARCH_USER_PATHS = NO;
				CLANG_ANALYZER_NONNULL = YES;
				CLANG_ANALYZER_NUMBER_OBJECT_CONVERSION = YES_AGGRESSIVE;
				CLANG_CXX_LANGUAGE_STANDARD = "gnu++14";
				CLANG_CXX_LIBRARY = "libc++";
				CLANG_ENABLE_MODULES = YES;
				CLANG_ENABLE_OBJC_ARC = YES;
				CLANG_ENABLE_OBJC_WEAK = YES;
				CLANG_WARN_BLOCK_CAPTURE_AUTORELEASING = YES;
				CLANG_WARN_BOOL_CONVERSION = YES;
				CLANG_WARN_COMMA = YES;
				CLANG_WARN_CONSTANT_CONVERSION = YES;
				CLANG_WARN_DEPRECATED_OBJC_IMPLEMENTATIONS = YES;
				CLANG_WARN_DIRECT_OBJC_ISA_USAGE = YES_ERROR;
				CLANG_WARN_DOCUMENTATION_COMMENTS = YES;
				CLANG_WARN_EMPTY_BODY = YES;
				CLANG_WARN_ENUM_CONVERSION = YES;
				CLANG_WARN_INFINITE_RECURSION = YES;
				CLANG_WARN_INT_CONVERSION = YES;
				CLANG_WARN_NON_LITERAL_NULL_CONVERSION = YES;
				CLANG_WARN_OBJC_IMPLICIT_RETAIN_SELF = YES;
				CLANG_WARN_OBJC_LITERAL_CONVERSION = YES;
				CLANG_WARN_OBJC_ROOT_CLASS = YES_ERROR;
				CLANG_WARN_QUOTED_INCLUDE_IN_FRAMEWORK_HEADER = YES;
				CLANG_WARN_RANGE_LOOP_ANALYSIS = YES;
				CLANG_WARN_STRICT_PROTOTYPES = YES;
				CLANG_WARN_SUSPICIOUS_MOVE = YES;
				CLANG_WARN_UNGUARDED_AVAILABILITY = YES_AGGRESSIVE;
				CLANG_WARN_UNREACHABLE_CODE = YES;
				CLANG_WARN__DUPLICATE_METHOD_MATCH = YES;
				COPY_PHASE_STRIP = NO;
				DEBUG_INFORMATION_FORMAT = "dwarf-with-dsym";
				ENABLE_NS_ASSERTIONS = NO;
				ENABLE_STRICT_OBJC_MSGSEND = YES;
				GCC_C_LANGUAGE_STANDARD = gnu11;
				GCC_NO_COMMON_BLOCKS = YES;
				GCC_WARN_64_TO_32_BIT_CONVERSION = YES;
				GCC_WARN_ABOUT_RETURN_TYPE = YES_ERROR;
				GCC_WARN_UNDECLARED_SELECTOR = YES;
				GCC_WARN_UNINITIALIZED_AUTOS = YES_AGGRESSIVE;
				GCC_WARN_UNUSED_FUNCTION = YES;
				GCC_WARN_UNUSED_VARIABLE = YES;
				MTL_ENABLE_DEBUG_INFO = NO;
				MTL_FAST_MATH = YES;
				OTHER_LDFLAGS = "$(inherited)";
				SWIFT_COMPILATION_MODE = wholemodule;
				SWIFT_OPTIMIZATION_LEVEL = "-O";
			};
			name = Release;
		};
		D2BB1B722684C51F0025C6D3 /* Debug */ = {
			isa = XCBuildConfiguration;
			buildSettings = {
				ASSETCATALOG_COMPILER_APPICON_NAME = AppIcon;
				ASSETCATALOG_COMPILER_GLOBAL_ACCENT_COLOR_NAME = AccentColor;
				CODE_SIGN_STYLE = Automatic;
				CURRENT_PROJECT_VERSION = 1;
				DEVELOPMENT_TEAM = FY9E4363CA;
				ENABLE_PREVIEWS = YES;
				GENERATE_INFOPLIST_FILE = YES;
				INFOPLIST_KEY_UIApplicationSceneManifest_Generation = YES;
				INFOPLIST_KEY_UIApplicationSupportsIndirectInputEvents = YES;
				INFOPLIST_KEY_UILaunchScreen_Generation = YES;
				INFOPLIST_KEY_UISupportedInterfaceOrientations_iPad = "UIInterfaceOrientationPortrait UIInterfaceOrientationPortraitUpsideDown UIInterfaceOrientationLandscapeLeft UIInterfaceOrientationLandscapeRight";
				INFOPLIST_KEY_UISupportedInterfaceOrientations_iPhone = "UIInterfaceOrientationPortrait UIInterfaceOrientationLandscapeLeft UIInterfaceOrientationLandscapeRight";
				IPHONEOS_DEPLOYMENT_TARGET = 14.0;
				LD_RUNPATH_SEARCH_PATHS = (
					"$(inherited)",
					"@executable_path/Frameworks",
				);
				MARKETING_VERSION = 1.0;
				OTHER_LDFLAGS = "$(inherited)";
				PRODUCT_BUNDLE_IDENTIFIER = im.mks.Modules;
				PRODUCT_NAME = Modules;
				SDKROOT = iphoneos;
				SWIFT_EMIT_LOC_STRINGS = YES;
				SWIFT_VERSION = 5.0;
				TARGETED_DEVICE_FAMILY = "1,2";
			};
			name = Debug;
		};
		D2BB1B732684C51F0025C6D3 /* Release */ = {
			isa = XCBuildConfiguration;
			buildSettings = {
				ASSETCATALOG_COMPILER_APPICON_NAME = AppIcon;
				ASSETCATALOG_COMPILER_GLOBAL_ACCENT_COLOR_NAME = AccentColor;
				CODE_SIGN_STYLE = Automatic;
				CURRENT_PROJECT_VERSION = 1;
				DEVELOPMENT_TEAM = FY9E4363CA;
				ENABLE_PREVIEWS = YES;
				GENERATE_INFOPLIST_FILE = YES;
				INFOPLIST_KEY_UIApplicationSceneManifest_Generation = YES;
				INFOPLIST_KEY_UIApplicationSupportsIndirectInputEvents = YES;
				INFOPLIST_KEY_UILaunchScreen_Generation = YES;
				INFOPLIST_KEY_UISupportedInterfaceOrientations_iPad = "UIInterfaceOrientationPortrait UIInterfaceOrientationPortraitUpsideDown UIInterfaceOrientationLandscapeLeft UIInterfaceOrientationLandscapeRight";
				INFOPLIST_KEY_UISupportedInterfaceOrientations_iPhone = "UIInterfaceOrientationPortrait UIInterfaceOrientationLandscapeLeft UIInterfaceOrientationLandscapeRight";
				IPHONEOS_DEPLOYMENT_TARGET = 14.0;
				LD_RUNPATH_SEARCH_PATHS = (
					"$(inherited)",
					"@executable_path/Frameworks",
				);
				MARKETING_VERSION = 1.0;
				OTHER_LDFLAGS = "$(inherited)";
				PRODUCT_BUNDLE_IDENTIFIER = im.mks.Modules;
				PRODUCT_NAME = Modules;
				SDKROOT = iphoneos;
				SWIFT_EMIT_LOC_STRINGS = YES;
				SWIFT_VERSION = 5.0;
				TARGETED_DEVICE_FAMILY = "1,2";
				VALIDATE_PRODUCT = YES;
			};
			name = Release;
		};
		D2BB1B752684C51F0025C6D3 /* Debug */ = {
			isa = XCBuildConfiguration;
			buildSettings = {
				ASSETCATALOG_COMPILER_APPICON_NAME = AppIcon;
				ASSETCATALOG_COMPILER_GLOBAL_ACCENT_COLOR_NAME = AccentColor;
				CODE_SIGN_STYLE = Automatic;
				COMBINE_HIDPI_IMAGES = YES;
				CURRENT_PROJECT_VERSION = 1;
				DEVELOPMENT_TEAM = FY9E4363CA;
				ENABLE_APP_SANDBOX = YES;
				ENABLE_HARDENED_RUNTIME = YES;
				ENABLE_PREVIEWS = YES;
				ENABLE_USER_SELECTED_FILES = readonly;
				GENERATE_INFOPLIST_FILE = YES;
				INFOPLIST_KEY_NSHumanReadableCopyright = "";
				LD_RUNPATH_SEARCH_PATHS = (
					"$(inherited)",
					"@executable_path/../Frameworks",
				);
				MACOSX_DEPLOYMENT_TARGET = 11.0;
				MARKETING_VERSION = 1.0;
				PRODUCT_BUNDLE_IDENTIFIER = im.mks.Modules;
				PRODUCT_NAME = Modules;
				SDKROOT = macosx;
				SWIFT_EMIT_LOC_STRINGS = YES;
				SWIFT_VERSION = 5.0;
			};
			name = Debug;
		};
		D2BB1B762684C51F0025C6D3 /* Release */ = {
			isa = XCBuildConfiguration;
			buildSettings = {
				ASSETCATALOG_COMPILER_APPICON_NAME = AppIcon;
				ASSETCATALOG_COMPILER_GLOBAL_ACCENT_COLOR_NAME = AccentColor;
				CODE_SIGN_STYLE = Automatic;
				COMBINE_HIDPI_IMAGES = YES;
				CURRENT_PROJECT_VERSION = 1;
				DEVELOPMENT_TEAM = FY9E4363CA;
				ENABLE_APP_SANDBOX = YES;
				ENABLE_HARDENED_RUNTIME = YES;
				ENABLE_PREVIEWS = YES;
				ENABLE_USER_SELECTED_FILES = readonly;
				GENERATE_INFOPLIST_FILE = YES;
				INFOPLIST_KEY_NSHumanReadableCopyright = "";
				LD_RUNPATH_SEARCH_PATHS = (
					"$(inherited)",
					"@executable_path/../Frameworks",
				);
				MACOSX_DEPLOYMENT_TARGET = 11.0;
				MARKETING_VERSION = 1.0;
				PRODUCT_BUNDLE_IDENTIFIER = im.mks.Modules;
				PRODUCT_NAME = Modules;
				SDKROOT = macosx;
				SWIFT_EMIT_LOC_STRINGS = YES;
				SWIFT_VERSION = 5.0;
			};
			name = Release;
		};
/* End XCBuildConfiguration section */

/* Begin XCConfigurationList section */
		D2BB1B592684C51E0025C6D3 /* Build configuration list for PBXProject "Modules" */ = {
			isa = XCConfigurationList;
			buildConfigurations = (
				D2BB1B6F2684C51F0025C6D3 /* Debug */,
				D2BB1B702684C51F0025C6D3 /* Release */,
			);
			defaultConfigurationIsVisible = 0;
			defaultConfigurationName = Release;
		};
		D2BB1B712684C51F0025C6D3 /* Build configuration list for PBXNativeTarget "Modules (iOS)" */ = {
			isa = XCConfigurationList;
			buildConfigurations = (
				D2BB1B722684C51F0025C6D3 /* Debug */,
				D2BB1B732684C51F0025C6D3 /* Release */,
			);
			defaultConfigurationIsVisible = 0;
			defaultConfigurationName = Release;
		};
		D2BB1B742684C51F0025C6D3 /* Build configuration list for PBXNativeTarget "Modules (macOS)" */ = {
			isa = XCConfigurationList;
			buildConfigurations = (
				D2BB1B752684C51F0025C6D3 /* Debug */,
				D2BB1B762684C51F0025C6D3 /* Release */,
			);
			defaultConfigurationIsVisible = 0;
			defaultConfigurationName = Release;
		};
/* End XCConfigurationList section */

/* Begin XCSwiftPackageProductDependency section */
		D268F4852684C63C007D86BB /* MainApp */ = {
			isa = XCSwiftPackageProductDependency;
			productName = MainApp;
		};
		D268F4882684CAF2007D86BB /* MainApp */ = {
			isa = XCSwiftPackageProductDependency;
			productName = MainApp;
		};
/* End XCSwiftPackageProductDependency section */
	};
	rootObject = D2BB1B562684C51E0025C6D3 /* Project object */;
}
